
Microsoft Visual Studio Solution File, Format Version 12.00
# Visual Studio 2012
Project("{FAE04EC0-301F-11D3-BF4B-00C04F79EFBC}") = "WhippedCream", "WhippedCream\WhippedCream.csproj", "{73E69A53-33EF-499D-9F60-CA4440231546}"
EndProject
Project("{FAE04EC0-301F-11D3-BF4B-00C04F79EFBC}") = "WhippedCream.Acceptance.Test", "WhippedCream.Acceptance.Test\WhippedCream.Acceptance.Test.csproj", "{A865AA22-20AF-431A-8CEC-2C1412CB1B2C}"
EndProject
Project("{FAE04EC0-301F-11D3-BF4B-00C04F79EFBC}") = "WhippedCream.Test", "WhippedCream.Test\WhippedCream.Test.csproj", "{75F94CC7-909A-423E-8DBF-FF40BCA18EF9}"
EndProject
Global
	GlobalSection(TeamFoundationVersionControl) = preSolution
		SccNumberOfProjects = 4
		SccEnterpriseProvider = {4CA58AB2-18FA-4F8D-95D4-32DDF27D184C}
		SccTeamFoundationServer = http://23.23.212.24:8080/tfs/internal
		SccLocalPath0 = .
		SccProjectUniqueName1 = WhippedCream\\WhippedCream.csproj
		SccProjectName1 = WhippedCream
		SccLocalPath1 = WhippedCream
		SccProjectUniqueName2 = WhippedCream.Acceptance.Test\\WhippedCream.Acceptance.Test.csproj
		SccProjectName2 = WhippedCream.Acceptance.Test
		SccLocalPath2 = WhippedCream.Acceptance.Test
		SccProjectUniqueName3 = WhippedCream.Test\\WhippedCream.Test.csproj
		SccProjectName3 = WhippedCream.Test
		SccLocalPath3 = WhippedCream.Test
	EndGlobalSection
	GlobalSection(SolutionConfigurationPlatforms) = preSolution
		Debug|Any CPU = Debug|Any CPU
		Release|Any CPU = Release|Any CPU
	EndGlobalSection
	GlobalSection(ProjectConfigurationPlatforms) = postSolution
		{73E69A53-33EF-499D-9F60-CA4440231546}.Debug|Any CPU.ActiveCfg = Debug|Any CPU
		{73E69A53-33EF-499D-9F60-CA4440231546}.Debug|Any CPU.Build.0 = Debug|Any CPU
		{73E69A53-33EF-499D-9F60-CA4440231546}.Release|Any CPU.ActiveCfg = Release|Any CPU
		{73E69A53-33EF-499D-9F60-CA4440231546}.Release|Any CPU.Build.0 = Release|Any CPU
		{A865AA22-20AF-431A-8CEC-2C1412CB1B2C}.Debug|Any CPU.ActiveCfg = Debug|Any CPU
		{A865AA22-20AF-431A-8CEC-2C1412CB1B2C}.Debug|Any CPU.Build.0 = Debug|Any CPU
		{A865AA22-20AF-431A-8CEC-2C1412CB1B2C}.Release|Any CPU.ActiveCfg = Release|Any CPU
		{A865AA22-20AF-431A-8CEC-2C1412CB1B2C}.Release|Any CPU.Build.0 = Release|Any CPU
		{75F94CC7-909A-423E-8DBF-FF40BCA18EF9}.Debug|Any CPU.ActiveCfg = Debug|Any CPU
		{75F94CC7-909A-423E-8DBF-FF40BCA18EF9}.Debug|Any CPU.Build.0 = Debug|Any CPU
		{75F94CC7-909A-423E-8DBF-FF40BCA18EF9}.Release|Any CPU.ActiveCfg = Release|Any CPU
		{75F94CC7-909A-423E-8DBF-FF40BCA18EF9}.Release|Any CPU.Build.0 = Release|Any CPU
	EndGlobalSection
	GlobalSection(SolutionProperties) = preSolution
		HideSolutionNode = FALSE
	EndGlobalSection
EndGlobal
